
Microsoft Visual Studio Solution File, Format Version 12.00
# Visual Studio 15
VisualStudioVersion = 15.0.27205.2004
MinimumVisualStudioVersion = 10.0.40219.1
Project("{FAE04EC0-301F-11D3-BF4B-00C04F79EFBC}") = "RestService", "RestService\RestService.csproj", "{37BD40C1-74B8-41E0-9FAB-4ACBAF775D05}"
EndProject
Global
	GlobalSection(SolutionConfigurationPlatforms) = preSolution
		Debug|Any CPU = Debug|Any CPU
		Release|Any CPU = Release|Any CPU
	EndGlobalSection
	GlobalSection(ProjectConfigurationPlatforms) = postSolution
		{37BD40C1-74B8-41E0-9FAB-4ACBAF775D05}.Debug|Any CPU.ActiveCfg = Debug|Any CPU
		{37BD40C1-74B8-41E0-9FAB-4ACBAF775D05}.Debug|Any CPU.Build.0 = Debug|Any CPU
		{37BD40C1-74B8-41E0-9FAB-4ACBAF775D05}.Release|Any CPU.ActiveCfg = Release|Any CPU
		{37BD40C1-74B8-41E0-9FAB-4ACBAF775D05}.Release|Any CPU.Build.0 = Release|Any CPU
	EndGlobalSection
	GlobalSection(SolutionProperties) = preSolution
		HideSolutionNode = FALSE
	EndGlobalSection
	GlobalSection(ExtensibilityGlobals) = postSolution
		SolutionGuid = {A2D20479-738E-44D5-B635-DC7C43390047}
	EndGlobalSection
EndGlobal
